
Microsoft Visual Studio Solution File, Format Version 12.00
# Visual Studio Version 16
VisualStudioVersion = 16.0.29102.190
MinimumVisualStudioVersion = 10.0.40219.1
Project("{FAE04EC0-301F-11D3-BF4B-00C04F79EFBC}") = "SVLibrary", "SVLibrary\SVLibrary.csproj", "{279D99E1-A04E-4169-B2B2-E63D41955C34}"
EndProject
Global
	GlobalSection(SolutionConfigurationPlatforms) = preSolution
		Debug|Any CPU = Debug|Any CPU
		Release|Any CPU = Release|Any CPU
	EndGlobalSection
	GlobalSection(ProjectConfigurationPlatforms) = postSolution
		{279D99E1-A04E-4169-B2B2-E63D41955C34}.Debug|Any CPU.ActiveCfg = Debug|Any CPU
		{279D99E1-A04E-4169-B2B2-E63D41955C34}.Debug|Any CPU.Build.0 = Debug|Any CPU
		{279D99E1-A04E-4169-B2B2-E63D41955C34}.Release|Any CPU.ActiveCfg = Release|Any CPU
		{279D99E1-A04E-4169-B2B2-E63D41955C34}.Release|Any CPU.Build.0 = Release|Any CPU
	EndGlobalSection
	GlobalSection(SolutionProperties) = preSolution
		HideSolutionNode = FALSE
	EndGlobalSection
	GlobalSection(ExtensibilityGlobals) = postSolution
		SolutionGuid = {21574FBF-D667-423A-9DA2-0AE64E317B68}
	EndGlobalSection
EndGlobal
